
Microsoft Visual Studio Solution File, Format Version 12.00
# Visual Studio 2013
VisualStudioVersion = 12.0.31101.0
MinimumVisualStudioVersion = 10.0.40219.1
Project("{FAE04EC0-301F-11D3-BF4B-00C04F79EFBC}") = "DNTProfiler", "DNTProfiler\DNTProfiler.csproj", "{CEF1D6D5-686E-48AB-B356-DEC074A22B10}"
	ProjectSection(ProjectDependencies) = postProject
		{2481A200-5DAA-4EC2-9133-D110AD0DE78F} = {2481A200-5DAA-4EC2-9133-D110AD0DE78F}
		{345D9D04-1D19-43B8-BEC9-2EBDE25C3E5B} = {345D9D04-1D19-43B8-BEC9-2EBDE25C3E5B}
		{F387CD06-60FB-4596-84EE-F722E3510284} = {F387CD06-60FB-4596-84EE-F722E3510284}
		{1E7D6B0C-1740-410C-A2D7-19FE249CF24F} = {1E7D6B0C-1740-410C-A2D7-19FE249CF24F}
		{4C5A830F-93B5-4E6C-83D0-C86EE3DD9E5C} = {4C5A830F-93B5-4E6C-83D0-C86EE3DD9E5C}
		{ADA0E719-984D-4875-8029-F847E69E9C08} = {ADA0E719-984D-4875-8029-F847E69E9C08}
		{64D4FC1C-BA24-4092-A9AD-0536F4DC6EED} = {64D4FC1C-BA24-4092-A9AD-0536F4DC6EED}
		{B6EA402D-EF07-4F9F-9188-0740CE100334} = {B6EA402D-EF07-4F9F-9188-0740CE100334}
		{663EDB2E-D511-44AC-81B4-8B64284A4DBB} = {663EDB2E-D511-44AC-81B4-8B64284A4DBB}
		{37DB2135-5271-40ED-9327-EAC53CC49751} = {37DB2135-5271-40ED-9327-EAC53CC49751}
		{E64CB037-99A3-4DAD-A94D-B50AB6437C61} = {E64CB037-99A3-4DAD-A94D-B50AB6437C61}
		{581F7D38-06CB-42EB-8A8B-CCD0F3E5BCE6} = {581F7D38-06CB-42EB-8A8B-CCD0F3E5BCE6}
		{4D90A83E-5506-4641-9EA8-0BB064CC381B} = {4D90A83E-5506-4641-9EA8-0BB064CC381B}
		{BCE2703F-7AD1-4F90-B579-09D28ABB1950} = {BCE2703F-7AD1-4F90-B579-09D28ABB1950}
		{22E2A040-270E-4A00-A792-8F94A83489E7} = {22E2A040-270E-4A00-A792-8F94A83489E7}
		{EEFB2851-4C37-4AB8-A55B-F6A8F830C2B2} = {EEFB2851-4C37-4AB8-A55B-F6A8F830C2B2}
		{066F7552-B25D-4AC3-A8CF-8E63DDB51001} = {066F7552-B25D-4AC3-A8CF-8E63DDB51001}
		{25641353-AEA2-403D-993E-B0EDDC73D7A4} = {25641353-AEA2-403D-993E-B0EDDC73D7A4}
		{5D7DF366-F594-48D4-AC23-0DD7FAE27916} = {5D7DF366-F594-48D4-AC23-0DD7FAE27916}
		{ADFAF867-90FF-40DC-B6BE-54403518364B} = {ADFAF867-90FF-40DC-B6BE-54403518364B}
		{B504B86B-B16D-464E-91A7-1C3A9B6E1869} = {B504B86B-B16D-464E-91A7-1C3A9B6E1869}
		{7B2A2170-97EF-46A6-AF13-D0DBA0060709} = {7B2A2170-97EF-46A6-AF13-D0DBA0060709}
		{4738317F-DAAA-45B4-975B-CE70A719618E} = {4738317F-DAAA-45B4-975B-CE70A719618E}
		{6FCF1986-8FB6-4F88-9C53-8C202EDA8AB2} = {6FCF1986-8FB6-4F88-9C53-8C202EDA8AB2}
		{FD860099-9E4F-4258-A167-7427ACBFB077} = {FD860099-9E4F-4258-A167-7427ACBFB077}
		{E0FB189F-32F2-4BDF-97C2-201650609608} = {E0FB189F-32F2-4BDF-97C2-201650609608}
		{12F7DCAB-C519-4C95-B8F1-EE2CAA24029E} = {12F7DCAB-C519-4C95-B8F1-EE2CAA24029E}
		{A613FBAC-B3D3-4DF5-8450-231A75C93E99} = {A613FBAC-B3D3-4DF5-8450-231A75C93E99}
		{EA6D6FAE-0FFD-45B5-94D6-0EED9EB9B5BC} = {EA6D6FAE-0FFD-45B5-94D6-0EED9EB9B5BC}
		{29DC75AF-D49E-42C9-8C19-CE0E45F22BD0} = {29DC75AF-D49E-42C9-8C19-CE0E45F22BD0}
		{0E2F77B2-E40E-49C7-B49D-77B53DF34A44} = {0E2F77B2-E40E-49C7-B49D-77B53DF34A44}
		{54E12EB3-341D-4FCE-8A4A-E9DC399CC8E6} = {54E12EB3-341D-4FCE-8A4A-E9DC399CC8E6}
		{4031B0BA-7E4B-44FC-A74F-A9794DE21887} = {4031B0BA-7E4B-44FC-A74F-A9794DE21887}
		{D33973C8-7BFE-4559-BA0E-029C31F34FB1} = {D33973C8-7BFE-4559-BA0E-029C31F34FB1}
		{839E7CCD-B214-4477-88C5-DE3215EF0441} = {839E7CCD-B214-4477-88C5-DE3215EF0441}
		{DF16DECE-915E-4C9E-8AC7-90951E396204} = {DF16DECE-915E-4C9E-8AC7-90951E396204}
		{484DC2D3-21E9-4C77-BCA2-C3805906EAC8} = {484DC2D3-21E9-4C77-BCA2-C3805906EAC8}
		{8A26F6D5-8917-41CE-8088-611D7AA36744} = {8A26F6D5-8917-41CE-8088-611D7AA36744}
		{F60056D6-874A-4D38-9F59-D9C742C9407A} = {F60056D6-874A-4D38-9F59-D9C742C9407A}
		{3087EFD6-DB19-49EF-A1E8-8C83E99E3B96} = {3087EFD6-DB19-49EF-A1E8-8C83E99E3B96}
		{62D938DA-BF6C-4922-B8AD-ED47D1C051F9} = {62D938DA-BF6C-4922-B8AD-ED47D1C051F9}
		{73DB42DC-38E5-4C99-8B87-6D6CE18E1E22} = {73DB42DC-38E5-4C99-8B87-6D6CE18E1E22}
		{4ADBE0E0-FFEA-46E8-9682-9AE940BF728D} = {4ADBE0E0-FFEA-46E8-9682-9AE940BF728D}
		{AF618FE2-FD18-4BD6-8370-A93BB672D741} = {AF618FE2-FD18-4BD6-8370-A93BB672D741}
		{BFCF65E4-3D6F-418C-921D-14484FCD20BD} = {BFCF65E4-3D6F-418C-921D-14484FCD20BD}
		{BBCF37ED-6F53-498E-B58E-ABC19F77B378} = {BBCF37ED-6F53-498E-B58E-ABC19F77B378}
		{29AA79EE-157F-481F-9B01-7C30C53236D0} = {29AA79EE-157F-481F-9B01-7C30C53236D0}
		{4D6919F2-5A54-40E6-8DD6-7D7E501134C0} = {4D6919F2-5A54-40E6-8DD6-7D7E501134C0}
		{3A8BCEF6-20DB-49B4-9E66-2689F00E0AD3} = {3A8BCEF6-20DB-49B4-9E66-2689F00E0AD3}
		{1A748BFF-57E1-4E48-96A2-4D1DE502AAD8} = {1A748BFF-57E1-4E48-96A2-4D1DE502AAD8}
		{4BD6AAFF-4B3E-40FE-B1F2-D6C004FB79A4} = {4BD6AAFF-4B3E-40FE-B1F2-D6C004FB79A4}
	EndProjectSection
EndProject
Project("{FAE04EC0-301F-11D3-BF4B-00C04F79EFBC}") = "DNTProfiler.EntityFramework.Core", "DNTProfiler.Core\DNTProfiler.EntityFramework.Core.csproj", "{484DC2D3-21E9-4C77-BCA2-C3805906EAC8}"
	ProjectSection(ProjectDependencies) = postProject
		{25641353-AEA2-403D-993E-B0EDDC73D7A4} = {25641353-AEA2-403D-993E-B0EDDC73D7A4}
	EndProjectSection
EndProject
Project("{2150E333-8FDC-42A3-9474-1A3956D46DE8}") = "Tests", "Tests", "{F4516C3B-2862-4317-951D-06A77C107316}"
EndProject
Project("{FAE04EC0-301F-11D3-BF4B-00C04F79EFBC}") = "DNTProfiler.ConsoleTest", "Tests\DNTProfiler.ConsoleTest\DNTProfiler.ConsoleTest.csproj", "{066F7552-B25D-4AC3-A8CF-8E63DDB51001}"
	ProjectSection(ProjectDependencies) = postProject
		{25641353-AEA2-403D-993E-B0EDDC73D7A4} = {25641353-AEA2-403D-993E-B0EDDC73D7A4}
	EndProjectSection
EndProject
Project("{FAE04EC0-301F-11D3-BF4B-00C04F79EFBC}") = "DNTProfiler.WebFormsTest", "Tests\DNTProfiler.WebFormsTest\DNTProfiler.WebFormsTest.csproj", "{8A26F6D5-8917-41CE-8088-611D7AA36744}"
	ProjectSection(ProjectDependencies) = postProject
		{25641353-AEA2-403D-993E-B0EDDC73D7A4} = {25641353-AEA2-403D-993E-B0EDDC73D7A4}
	EndProjectSection
EndProject
Project("{FAE04EC0-301F-11D3-BF4B-00C04F79EFBC}") = "DNTProfiler.MvcTest", "Tests\DNTProfiler.MvcTest\DNTProfiler.MvcTest.csproj", "{581F7D38-06CB-42EB-8A8B-CCD0F3E5BCE6}"
	ProjectSection(ProjectDependencies) = postProject
		{25641353-AEA2-403D-993E-B0EDDC73D7A4} = {25641353-AEA2-403D-993E-B0EDDC73D7A4}
	EndProjectSection
EndProject
Project("{FAE04EC0-301F-11D3-BF4B-00C04F79EFBC}") = "DNTProfiler.TestEFContext", "Tests\DNTProfiler.TestEFContext\DNTProfiler.TestEFContext.csproj", "{4738317F-DAAA-45B4-975B-CE70A719618E}"
	ProjectSection(ProjectDependencies) = postProject
		{25641353-AEA2-403D-993E-B0EDDC73D7A4} = {25641353-AEA2-403D-993E-B0EDDC73D7A4}
	EndProjectSection
EndProject
Project("{FAE04EC0-301F-11D3-BF4B-00C04F79EFBC}") = "DNTProfiler.ServiceLayer", "Tests\DNTProfiler.ServiceLayer\DNTProfiler.ServiceLayer.csproj", "{4D6919F2-5A54-40E6-8DD6-7D7E501134C0}"
	ProjectSection(ProjectDependencies) = postProject
		{25641353-AEA2-403D-993E-B0EDDC73D7A4} = {25641353-AEA2-403D-993E-B0EDDC73D7A4}
	EndProjectSection
EndProject
Project("{FAE04EC0-301F-11D3-BF4B-00C04F79EFBC}") = "DNTProfiler.PluginsBase", "DNTProfiler.PluginsBase\DNTProfiler.PluginsBase.csproj", "{E62C4C2C-D4BB-4A14-8FA9-AD5551091E27}"
	ProjectSection(ProjectDependencies) = postProject
		{25641353-AEA2-403D-993E-B0EDDC73D7A4} = {25641353-AEA2-403D-993E-B0EDDC73D7A4}
	EndProjectSection
EndProject
Project("{2150E333-8FDC-42A3-9474-1A3956D46DE8}") = "Plugins", "Plugins", "{E60F8654-74DB-4A20-8BF4-E6414EB1C3D2}"
EndProject
Project("{FAE04EC0-301F-11D3-BF4B-00C04F79EFBC}") = "DNTProfiler.EFTrafficLogger", "Plugins\DNTProfiler.EFTrafficLogger\DNTProfiler.EFTrafficLogger.csproj", "{EA6D6FAE-0FFD-45B5-94D6-0EED9EB9B5BC}"
	ProjectSection(ProjectDependencies) = postProject
		{25641353-AEA2-403D-993E-B0EDDC73D7A4} = {25641353-AEA2-403D-993E-B0EDDC73D7A4}
	EndProjectSection
EndProject
Project("{FAE04EC0-301F-11D3-BF4B-00C04F79EFBC}") = "DNTProfiler.Common", "DNTProfiler.Common\DNTProfiler.Common.csproj", "{8915B3A9-F138-4394-BD73-87AE07D20399}"
	ProjectSection(ProjectDependencies) = postProject
		{25641353-AEA2-403D-993E-B0EDDC73D7A4} = {25641353-AEA2-403D-993E-B0EDDC73D7A4}
	EndProjectSection
EndProject
Project("{FAE04EC0-301F-11D3-BF4B-00C04F79EFBC}") = "DNTProfiler.RawLogger", "Plugins\DNTProfiler.RawLogger\DNTProfiler.RawLogger.csproj", "{0E2F77B2-E40E-49C7-B49D-77B53DF34A44}"
	ProjectSection(ProjectDependencies) = postProject
		{25641353-AEA2-403D-993E-B0EDDC73D7A4} = {25641353-AEA2-403D-993E-B0EDDC73D7A4}
	EndProjectSection
EndProject
Project("{2150E333-8FDC-42A3-9474-1A3956D46DE8}") = "Config", "Config", "{E09F46E7-96FF-44A4-BD60-8F9986FA8B55}"
EndProject
Project("{FAE04EC0-301F-11D3-BF4B-00C04F79EFBC}") = "DNTProfiler.IntegrationTests", "Tests\DNTProfiler.IntegrationTests\DNTProfiler.IntegrationTests.csproj", "{E64CB037-99A3-4DAD-A94D-B50AB6437C61}"
	ProjectSection(ProjectDependencies) = postProject
		{25641353-AEA2-403D-993E-B0EDDC73D7A4} = {25641353-AEA2-403D-993E-B0EDDC73D7A4}
	EndProjectSection
EndProject
Project("{FAE04EC0-301F-11D3-BF4B-00C04F79EFBC}") = "DNTProfiler.ByCommand", "Plugins\DNTProfiler.ByCommand\DNTProfiler.ByCommand.csproj", "{54E12EB3-341D-4FCE-8A4A-E9DC399CC8E6}"
	ProjectSection(ProjectDependencies) = postProject
		{25641353-AEA2-403D-993E-B0EDDC73D7A4} = {25641353-AEA2-403D-993E-B0EDDC73D7A4}
	EndProjectSection
EndProject
Project("{FAE04EC0-301F-11D3-BF4B-00C04F79EFBC}") = "DNTProfiler.ByMethods", "Plugins\DNTProfiler.ByMethods\DNTProfiler.ByMethods.csproj", "{A613FBAC-B3D3-4DF5-8450-231A75C93E99}"
	ProjectSection(ProjectDependencies) = postProject
		{25641353-AEA2-403D-993E-B0EDDC73D7A4} = {25641353-AEA2-403D-993E-B0EDDC73D7A4}
	EndProjectSection
EndProject
Project("{FAE04EC0-301F-11D3-BF4B-00C04F79EFBC}") = "DNTProfiler.InCorrectNullComparisons", "Plugins\DNTProfiler.InCorrectNullComparisons\DNTProfiler.InCorrectNullComparisons.csproj", "{EEFB2851-4C37-4AB8-A55B-F6A8F830C2B2}"
	ProjectSection(ProjectDependencies) = postProject
		{25641353-AEA2-403D-993E-B0EDDC73D7A4} = {25641353-AEA2-403D-993E-B0EDDC73D7A4}
	EndProjectSection
EndProject
Project("{FAE04EC0-301F-11D3-BF4B-00C04F79EFBC}") = "DNTProfiler.UnboundedResultSets", "Plugins\DNTProfiler.UnboundedResultSets\DNTProfiler.UnboundedResultSets.csproj", "{BBCF37ED-6F53-498E-B58E-ABC19F77B378}"
	ProjectSection(ProjectDependencies) = postProject
		{25641353-AEA2-403D-993E-B0EDDC73D7A4} = {25641353-AEA2-403D-993E-B0EDDC73D7A4}
	EndProjectSection
EndProject
Project("{FAE04EC0-301F-11D3-BF4B-00C04F79EFBC}") = "DNTProfiler.UnparametrizedWhereClauses", "Plugins\DNTProfiler.UnparametrizedWhereClauses\DNTProfiler.UnparametrizedWhereClauses.csproj", "{D33973C8-7BFE-4559-BA0E-029C31F34FB1}"
	ProjectSection(ProjectDependencies) = postProject
		{25641353-AEA2-403D-993E-B0EDDC73D7A4} = {25641353-AEA2-403D-993E-B0EDDC73D7A4}
	EndProjectSection
EndProject
Project("{FAE04EC0-301F-11D3-BF4B-00C04F79EFBC}") = "DNTProfiler.FullTableScans", "Plugins\DNTProfiler.FullTableScans\DNTProfiler.FullTableScans.csproj", "{2481A200-5DAA-4EC2-9133-D110AD0DE78F}"
	ProjectSection(ProjectDependencies) = postProject
		{25641353-AEA2-403D-993E-B0EDDC73D7A4} = {25641353-AEA2-403D-993E-B0EDDC73D7A4}
	EndProjectSection
EndProject
Project("{FAE04EC0-301F-11D3-BF4B-00C04F79EFBC}") = "DNTProfiler.ArithmeticOverflow", "Plugins\DNTProfiler.ArithmeticOverflow\DNTProfiler.ArithmeticOverflow.csproj", "{7B2A2170-97EF-46A6-AF13-D0DBA0060709}"
	ProjectSection(ProjectDependencies) = postProject
		{25641353-AEA2-403D-993E-B0EDDC73D7A4} = {25641353-AEA2-403D-993E-B0EDDC73D7A4}
	EndProjectSection
EndProject
Project("{FAE04EC0-301F-11D3-BF4B-00C04F79EFBC}") = "DNTProfiler.ByUrl", "Plugins\DNTProfiler.ByUrl\DNTProfiler.ByUrl.csproj", "{1A748BFF-57E1-4E48-96A2-4D1DE502AAD8}"
	ProjectSection(ProjectDependencies) = postProject
		{25641353-AEA2-403D-993E-B0EDDC73D7A4} = {25641353-AEA2-403D-993E-B0EDDC73D7A4}
	EndProjectSection
EndProject
Project("{FAE04EC0-301F-11D3-BF4B-00C04F79EFBC}") = "DNTProfiler.ByException", "Plugins\DNTProfiler.ByException\DNTProfiler.ByException.csproj", "{73DB42DC-38E5-4C99-8B87-6D6CE18E1E22}"
	ProjectSection(ProjectDependencies) = postProject
		{25641353-AEA2-403D-993E-B0EDDC73D7A4} = {25641353-AEA2-403D-993E-B0EDDC73D7A4}
	EndProjectSection
EndProject
Project("{FAE04EC0-301F-11D3-BF4B-00C04F79EFBC}") = "DNTProfiler.MultipleContextPerRequest", "Plugins\DNTProfiler.MultipleContextPerRequest\DNTProfiler.MultipleContextPerRequest.csproj", "{345D9D04-1D19-43B8-BEC9-2EBDE25C3E5B}"
	ProjectSection(ProjectDependencies) = postProject
		{25641353-AEA2-403D-993E-B0EDDC73D7A4} = {25641353-AEA2-403D-993E-B0EDDC73D7A4}
	EndProjectSection
EndProject
Project("{FAE04EC0-301F-11D3-BF4B-00C04F79EFBC}") = "DNTProfiler.ContextInMultipleThreads", "Plugins\DNTProfiler.ContextInMultipleThreads\DNTProfiler.ContextInMultipleThreads.csproj", "{ADA0E719-984D-4875-8029-F847E69E9C08}"
	ProjectSection(ProjectDependencies) = postProject
		{25641353-AEA2-403D-993E-B0EDDC73D7A4} = {25641353-AEA2-403D-993E-B0EDDC73D7A4}
	EndProjectSection
EndProject
Project("{FAE04EC0-301F-11D3-BF4B-00C04F79EFBC}") = "DNTProfiler.DuplicateCommandsPerMethod", "Plugins\DNTProfiler.DuplicateCommandsPerMethod\DNTProfiler.DuplicateCommandsPerMethod.csproj", "{4BD6AAFF-4B3E-40FE-B1F2-D6C004FB79A4}"
	ProjectSection(ProjectDependencies) = postProject
		{25641353-AEA2-403D-993E-B0EDDC73D7A4} = {25641353-AEA2-403D-993E-B0EDDC73D7A4}
	EndProjectSection
EndProject
Project("{FAE04EC0-301F-11D3-BF4B-00C04F79EFBC}") = "DNTProfiler.Infrastructure", "DNTProfiler.Infrastructure\DNTProfiler.Infrastructure.csproj", "{B801690C-7FC8-4EFC-A961-5D713D3C9316}"
	ProjectSection(ProjectDependencies) = postProject
		{25641353-AEA2-403D-993E-B0EDDC73D7A4} = {25641353-AEA2-403D-993E-B0EDDC73D7A4}
	EndProjectSection
EndProject
Project("{FAE04EC0-301F-11D3-BF4B-00C04F79EFBC}") = "DNTProfiler.ConsoleAppDotNet45", "Tests\DNTProfiler.ConsoleAppDotNet45\DNTProfiler.ConsoleAppDotNet45.csproj", "{B6EA402D-EF07-4F9F-9188-0740CE100334}"
	ProjectSection(ProjectDependencies) = postProject
		{25641353-AEA2-403D-993E-B0EDDC73D7A4} = {25641353-AEA2-403D-993E-B0EDDC73D7A4}
	EndProjectSection
EndProject
Project("{FAE04EC0-301F-11D3-BF4B-00C04F79EFBC}") = "DNTProfiler.NonDisposedContexts", "Plugins\DNTProfiler.NonDisposedContexts\DNTProfiler.NonDisposedContexts.csproj", "{F387CD06-60FB-4596-84EE-F722E3510284}"
	ProjectSection(ProjectDependencies) = postProject
		{25641353-AEA2-403D-993E-B0EDDC73D7A4} = {25641353-AEA2-403D-993E-B0EDDC73D7A4}
	EndProjectSection
EndProject
Project("{FAE04EC0-301F-11D3-BF4B-00C04F79EFBC}") = "DNTProfiler.QueryFromView", "Plugins\DNTProfiler.QueryFromView\DNTProfiler.QueryFromView.csproj", "{3A8BCEF6-20DB-49B4-9E66-2689F00E0AD3}"
	ProjectSection(ProjectDependencies) = postProject
		{25641353-AEA2-403D-993E-B0EDDC73D7A4} = {25641353-AEA2-403D-993E-B0EDDC73D7A4}
	EndProjectSection
EndProject
Project("{FAE04EC0-301F-11D3-BF4B-00C04F79EFBC}") = "DNTProfiler.Dumper", "Plugins\DNTProfiler.Dumper\DNTProfiler.Dumper.csproj", "{AF618FE2-FD18-4BD6-8370-A93BB672D741}"
	ProjectSection(ProjectDependencies) = postProject
		{25641353-AEA2-403D-993E-B0EDDC73D7A4} = {25641353-AEA2-403D-993E-B0EDDC73D7A4}
	EndProjectSection
EndProject
Project("{FAE04EC0-301F-11D3-BF4B-00C04F79EFBC}") = "DNTProfiler.MetaData", "DNTProfiler.MetaData\DNTProfiler.MetaData.csproj", "{25641353-AEA2-403D-993E-B0EDDC73D7A4}"
EndProject
Project("{FAE04EC0-301F-11D3-BF4B-00C04F79EFBC}") = "DNTProfiler.ByConnections", "Plugins\DNTProfiler.ByConnections\DNTProfiler.ByConnections.csproj", "{B504B86B-B16D-464E-91A7-1C3A9B6E1869}"
	ProjectSection(ProjectDependencies) = postProject
		{25641353-AEA2-403D-993E-B0EDDC73D7A4} = {25641353-AEA2-403D-993E-B0EDDC73D7A4}
	EndProjectSection
EndProject
Project("{FAE04EC0-301F-11D3-BF4B-00C04F79EFBC}") = "DNTProfiler.ByTransactions", "Plugins\DNTProfiler.ByTransactions\DNTProfiler.ByTransactions.csproj", "{5D7DF366-F594-48D4-AC23-0DD7FAE27916}"
	ProjectSection(ProjectDependencies) = postProject
		{25641353-AEA2-403D-993E-B0EDDC73D7A4} = {25641353-AEA2-403D-993E-B0EDDC73D7A4}
	EndProjectSection
EndProject
Project("{2150E333-8FDC-42A3-9474-1A3956D46DE8}") = "Loggers", "Loggers", "{4C8AFA56-E57F-4D08-A609-433562DE18B3}"
EndProject
Project("{2150E333-8FDC-42A3-9474-1A3956D46DE8}") = "Alerts", "Alerts", "{687C659F-E351-4279-8B5F-8C5EE58339A2}"
EndProject
Project("{2150E333-8FDC-42A3-9474-1A3956D46DE8}") = "Visualizers", "Visualizers", "{0E062425-B16F-47D8-AAE9-F92976591B96}"
EndProject
Project("{FAE04EC0-301F-11D3-BF4B-00C04F79EFBC}") = "DNTProfiler.CommandsByExecutionTime", "Plugins\DNTProfiler.CommandsByExecutionTime\DNTProfiler.CommandsByExecutionTime.csproj", "{4C5A830F-93B5-4E6C-83D0-C86EE3DD9E5C}"
	ProjectSection(ProjectDependencies) = postProject
		{25641353-AEA2-403D-993E-B0EDDC73D7A4} = {25641353-AEA2-403D-993E-B0EDDC73D7A4}
	EndProjectSection
EndProject
Project("{FAE04EC0-301F-11D3-BF4B-00C04F79EFBC}") = "DNTProfiler.CommandsByRowsReturned", "Plugins\DNTProfiler.CommandsByRowsReturned\DNTProfiler.CommandsByRowsReturned.csproj", "{FD860099-9E4F-4258-A167-7427ACBFB077}"
	ProjectSection(ProjectDependencies) = postProject
		{25641353-AEA2-403D-993E-B0EDDC73D7A4} = {25641353-AEA2-403D-993E-B0EDDC73D7A4}
	EndProjectSection
EndProject
Project("{FAE04EC0-301F-11D3-BF4B-00C04F79EFBC}") = "DNTProfiler.CommandsByCpuUsage", "Plugins\DNTProfiler.CommandsByCpuUsage\DNTProfiler.CommandsByCpuUsage.csproj", "{12F7DCAB-C519-4C95-B8F1-EE2CAA24029E}"
	ProjectSection(ProjectDependencies) = postProject
		{25641353-AEA2-403D-993E-B0EDDC73D7A4} = {25641353-AEA2-403D-993E-B0EDDC73D7A4}
	EndProjectSection
EndProject
Project("{FAE04EC0-301F-11D3-BF4B-00C04F79EFBC}") = "DNTProfiler.ConnectionsByRoundtrips", "Plugins\DNTProfiler.ConnectionsByRoundtrips\DNTProfiler.ConnectionsByRoundtrips.csproj", "{839E7CCD-B214-4477-88C5-DE3215EF0441}"
	ProjectSection(ProjectDependencies) = postProject
		{25641353-AEA2-403D-993E-B0EDDC73D7A4} = {25641353-AEA2-403D-993E-B0EDDC73D7A4}
	EndProjectSection
EndProject
Project("{FAE04EC0-301F-11D3-BF4B-00C04F79EFBC}") = "DNTProfiler.CommandsByMemoryUsage", "Plugins\DNTProfiler.CommandsByMemoryUsage\DNTProfiler.CommandsByMemoryUsage.csproj", "{62D938DA-BF6C-4922-B8AD-ED47D1C051F9}"
	ProjectSection(ProjectDependencies) = postProject
		{25641353-AEA2-403D-993E-B0EDDC73D7A4} = {25641353-AEA2-403D-993E-B0EDDC73D7A4}
	EndProjectSection
EndProject
Project("{2150E333-8FDC-42A3-9474-1A3956D46DE8}") = ".nuget", ".nuget", "{6367D469-1937-4D0B-AD2B-3844C435DEDF}"
	ProjectSection(SolutionItems) = preProject
		.nuget\_run.bat = .nuget\_run.bat
		.nuget\NuGet.Config = .nuget\NuGet.Config
		.nuget\NuGet.exe = .nuget\NuGet.exe
		.nuget\NuGet.targets = .nuget\NuGet.targets
	EndProjectSection
EndProject
Project("{FAE04EC0-301F-11D3-BF4B-00C04F79EFBC}") = "DNTProfiler.CommandsByJoinsCount", "Plugins\DNTProfiler.CommandsByJoinsCount\DNTProfiler.CommandsByJoinsCount.csproj", "{22E2A040-270E-4A00-A792-8F94A83489E7}"
	ProjectSection(ProjectDependencies) = postProject
		{25641353-AEA2-403D-993E-B0EDDC73D7A4} = {25641353-AEA2-403D-993E-B0EDDC73D7A4}
	EndProjectSection
EndProject
Project("{FAE04EC0-301F-11D3-BF4B-00C04F79EFBC}") = "DNTProfiler.CommandsByFieldsCount", "Plugins\DNTProfiler.CommandsByFieldsCount\DNTProfiler.CommandsByFieldsCount.csproj", "{1E7D6B0C-1740-410C-A2D7-19FE249CF24F}"
	ProjectSection(ProjectDependencies) = postProject
		{25641353-AEA2-403D-993E-B0EDDC73D7A4} = {25641353-AEA2-403D-993E-B0EDDC73D7A4}
	EndProjectSection
EndProject
Project("{FAE04EC0-301F-11D3-BF4B-00C04F79EFBC}") = "DNTProfiler.CommandsByTime", "Plugins\DNTProfiler.CommandsByTime\DNTProfiler.CommandsByTime.csproj", "{BFCF65E4-3D6F-418C-921D-14484FCD20BD}"
	ProjectSection(ProjectDependencies) = postProject
		{25641353-AEA2-403D-993E-B0EDDC73D7A4} = {25641353-AEA2-403D-993E-B0EDDC73D7A4}
	EndProjectSection
EndProject
Project("{2150E333-8FDC-42A3-9474-1A3956D46DE8}") = "NHibernate", "NHibernate", "{A7DD4334-BFFC-4A8C-8E61-863DA3A22BCD}"
EndProject
Project("{FAE04EC0-301F-11D3-BF4B-00C04F79EFBC}") = "NHibernateConsoleTests", "NHibernate\NHibernateConsoleTests\NHibernateConsoleTests.csproj", "{3087EFD6-DB19-49EF-A1E8-8C83E99E3B96}"
EndProject
Project("{FAE04EC0-301F-11D3-BF4B-00C04F79EFBC}") = "DNTProfiler.NHibernate.Core", "NHibernate\DNTProfiler.NHibernate.Core\DNTProfiler.NHibernate.Core.csproj", "{6FCF1986-8FB6-4F88-9C53-8C202EDA8AB2}"
EndProject
Project("{FAE04EC0-301F-11D3-BF4B-00C04F79EFBC}") = "DNTProfiler.CommandsByRequestId", "Plugins\DNTProfiler.CommandsByRequestId\DNTProfiler.CommandsByRequestId.csproj", "{4031B0BA-7E4B-44FC-A74F-A9794DE21887}"
	ProjectSection(ProjectDependencies) = postProject
		{25641353-AEA2-403D-993E-B0EDDC73D7A4} = {25641353-AEA2-403D-993E-B0EDDC73D7A4}
	EndProjectSection
EndProject
Project("{FAE04EC0-301F-11D3-BF4B-00C04F79EFBC}") = "DNTProfiler.UnitTests", "Tests\DNTProfiler.UnitTests\DNTProfiler.UnitTests.csproj", "{ADFAF867-90FF-40DC-B6BE-54403518364B}"
EndProject
Project("{FAE04EC0-301F-11D3-BF4B-00C04F79EFBC}") = "DNTProfiler.FunctionCallsInWhereClause", "Plugins\DNTProfiler.FunctionCallsInWhereClause\DNTProfiler.FunctionCallsInWhereClause.csproj", "{4ADBE0E0-FFEA-46E8-9682-9AE940BF728D}"
	ProjectSection(ProjectDependencies) = postProject
		{25641353-AEA2-403D-993E-B0EDDC73D7A4} = {25641353-AEA2-403D-993E-B0EDDC73D7A4}
	EndProjectSection
EndProject
Project("{2150E333-8FDC-42A3-9474-1A3956D46DE8}") = "Application", "Application", "{5B8A8EF2-84A6-48F1-8B96-7899019E2848}"
EndProject
Project("{FAE04EC0-301F-11D3-BF4B-00C04F79EFBC}") = "DNTProfiler.ApplicationExceptions", "Plugins\DNTProfiler.ApplicationExceptions\DNTProfiler.ApplicationExceptions.csproj", "{64D4FC1C-BA24-4092-A9AD-0536F4DC6EED}"
	ProjectSection(ProjectDependencies) = postProject
		{25641353-AEA2-403D-993E-B0EDDC73D7A4} = {25641353-AEA2-403D-993E-B0EDDC73D7A4}
	EndProjectSection
EndProject
Project("{FAE04EC0-301F-11D3-BF4B-00C04F79EFBC}") = "DNTProfiler.DuplicateJoins", "Plugins\DNTProfiler.DuplicateJoins\DNTProfiler.DuplicateJoins.csproj", "{BCE2703F-7AD1-4F90-B579-09D28ABB1950}"
	ProjectSection(ProjectDependencies) = postProject
		{25641353-AEA2-403D-993E-B0EDDC73D7A4} = {25641353-AEA2-403D-993E-B0EDDC73D7A4}
	EndProjectSection
EndProject
Project("{FAE04EC0-301F-11D3-BF4B-00C04F79EFBC}") = "DNTProfiler.ApplicationAnnouncements", "Plugins\DNTProfiler.ApplicationAnnouncements\DNTProfiler.ApplicationAnnouncements.csproj", "{DF16DECE-915E-4C9E-8AC7-90951E396204}"
	ProjectSection(ProjectDependencies) = postProject
		{25641353-AEA2-403D-993E-B0EDDC73D7A4} = {25641353-AEA2-403D-993E-B0EDDC73D7A4}
	EndProjectSection
EndProject
Project("{2150E333-8FDC-42A3-9474-1A3956D46DE8}") = "Solution Items", "Solution Items", "{CC72D880-8C86-4079-8A7D-60AF89F7CBB3}"
	ProjectSection(SolutionItems) = preProject
		dntp.png = dntp.png
		LICENSE.md = LICENSE.md
		README.md = README.md
	EndProjectSection
EndProject
Project("{FAE04EC0-301F-11D3-BF4B-00C04F79EFBC}") = "DNTProfiler.StaticResourcesQueries", "Plugins\DNTProfiler.StaticResourcesQueries\DNTProfiler.StaticResourcesQueries.csproj", "{663EDB2E-D511-44AC-81B4-8B64284A4DBB}"
	ProjectSection(ProjectDependencies) = postProject
		{25641353-AEA2-403D-993E-B0EDDC73D7A4} = {25641353-AEA2-403D-993E-B0EDDC73D7A4}
	EndProjectSection
EndProject
Project("{FAE04EC0-301F-11D3-BF4B-00C04F79EFBC}") = "DNTProfiler.PossibleSqlInjections", "Plugins\DNTProfiler.PossibleSqlInjections\DNTProfiler.PossibleSqlInjections.csproj", "{4D90A83E-5506-4641-9EA8-0BB064CC381B}"
	ProjectSection(ProjectDependencies) = postProject
		{25641353-AEA2-403D-993E-B0EDDC73D7A4} = {25641353-AEA2-403D-993E-B0EDDC73D7A4}
	EndProjectSection
EndProject
Project("{FAE04EC0-301F-11D3-BF4B-00C04F79EFBC}") = "DNTProfiler.DuplicateCommandsPerContext", "Plugins\DNTProfiler.DuplicateCommandsPerContext\DNTProfiler.DuplicateCommandsPerContext.csproj", "{E0FB189F-32F2-4BDF-97C2-201650609608}"
EndProject
Project("{FAE04EC0-301F-11D3-BF4B-00C04F79EFBC}") = "DNTProfiler.SelectStar", "Plugins\DNTProfiler.SelectStar\DNTProfiler.SelectStar.csproj", "{37DB2135-5271-40ED-9327-EAC53CC49751}"
	ProjectSection(ProjectDependencies) = postProject
		{25641353-AEA2-403D-993E-B0EDDC73D7A4} = {25641353-AEA2-403D-993E-B0EDDC73D7A4}
	EndProjectSection
EndProject
Project("{FAE04EC0-301F-11D3-BF4B-00C04F79EFBC}") = "DNTProfiler.RequestEntityTooLarge", "Plugins\DNTProfiler.RequestEntityTooLarge\DNTProfiler.RequestEntityTooLarge.csproj", "{29AA79EE-157F-481F-9B01-7C30C53236D0}"
	ProjectSection(ProjectDependencies) = postProject
		{25641353-AEA2-403D-993E-B0EDDC73D7A4} = {25641353-AEA2-403D-993E-B0EDDC73D7A4}
	EndProjectSection
EndProject
Project("{FAE04EC0-301F-11D3-BF4B-00C04F79EFBC}") = "DNTProfiler.FloatingPointFields", "Plugins\DNTProfiler.FloatingPointFields\DNTProfiler.FloatingPointFields.csproj", "{29DC75AF-D49E-42C9-8C19-CE0E45F22BD0}"
	ProjectSection(ProjectDependencies) = postProject
		{25641353-AEA2-403D-993E-B0EDDC73D7A4} = {25641353-AEA2-403D-993E-B0EDDC73D7A4}
	EndProjectSection
EndProject
Project("{FAE04EC0-301F-11D3-BF4B-00C04F79EFBC}") = "DNTProfiler.LongConnections", "Plugins\DNTProfiler.LongConnections\DNTProfiler.LongConnections.csproj", "{F60056D6-874A-4D38-9F59-D9C742C9407A}"
	ProjectSection(ProjectDependencies) = postProject
		{25641353-AEA2-403D-993E-B0EDDC73D7A4} = {25641353-AEA2-403D-993E-B0EDDC73D7A4}
	EndProjectSection
EndProject
Global
	GlobalSection(SolutionConfigurationPlatforms) = preSolution
		Debug|Any CPU = Debug|Any CPU
		Release|Any CPU = Release|Any CPU
	EndGlobalSection
	GlobalSection(ProjectConfigurationPlatforms) = postSolution
		{CEF1D6D5-686E-48AB-B356-DEC074A22B10}.Debug|Any CPU.ActiveCfg = Release|Any CPU
		{CEF1D6D5-686E-48AB-B356-DEC074A22B10}.Debug|Any CPU.Build.0 = Release|Any CPU
		{CEF1D6D5-686E-48AB-B356-DEC074A22B10}.Release|Any CPU.ActiveCfg = Release|Any CPU
		{CEF1D6D5-686E-48AB-B356-DEC074A22B10}.Release|Any CPU.Build.0 = Release|Any CPU
		{484DC2D3-21E9-4C77-BCA2-C3805906EAC8}.Debug|Any CPU.ActiveCfg = Release|Any CPU
		{484DC2D3-21E9-4C77-BCA2-C3805906EAC8}.Debug|Any CPU.Build.0 = Release|Any CPU
		{484DC2D3-21E9-4C77-BCA2-C3805906EAC8}.Release|Any CPU.ActiveCfg = Release|Any CPU
		{484DC2D3-21E9-4C77-BCA2-C3805906EAC8}.Release|Any CPU.Build.0 = Release|Any CPU
		{066F7552-B25D-4AC3-A8CF-8E63DDB51001}.Debug|Any CPU.ActiveCfg = Release|Any CPU
		{066F7552-B25D-4AC3-A8CF-8E63DDB51001}.Debug|Any CPU.Build.0 = Release|Any CPU
		{066F7552-B25D-4AC3-A8CF-8E63DDB51001}.Release|Any CPU.ActiveCfg = Release|Any CPU
		{066F7552-B25D-4AC3-A8CF-8E63DDB51001}.Release|Any CPU.Build.0 = Release|Any CPU
		{8A26F6D5-8917-41CE-8088-611D7AA36744}.Debug|Any CPU.ActiveCfg = Release|Any CPU
		{8A26F6D5-8917-41CE-8088-611D7AA36744}.Debug|Any CPU.Build.0 = Release|Any CPU
		{8A26F6D5-8917-41CE-8088-611D7AA36744}.Release|Any CPU.ActiveCfg = Release|Any CPU
		{8A26F6D5-8917-41CE-8088-611D7AA36744}.Release|Any CPU.Build.0 = Release|Any CPU
		{581F7D38-06CB-42EB-8A8B-CCD0F3E5BCE6}.Debug|Any CPU.ActiveCfg = Release|Any CPU
		{581F7D38-06CB-42EB-8A8B-CCD0F3E5BCE6}.Debug|Any CPU.Build.0 = Release|Any CPU
		{581F7D38-06CB-42EB-8A8B-CCD0F3E5BCE6}.Release|Any CPU.ActiveCfg = Release|Any CPU
		{581F7D38-06CB-42EB-8A8B-CCD0F3E5BCE6}.Release|Any CPU.Build.0 = Release|Any CPU
		{4738317F-DAAA-45B4-975B-CE70A719618E}.Debug|Any CPU.ActiveCfg = Release|Any CPU
		{4738317F-DAAA-45B4-975B-CE70A719618E}.Debug|Any CPU.Build.0 = Release|Any CPU
		{4738317F-DAAA-45B4-975B-CE70A719618E}.Release|Any CPU.ActiveCfg = Release|Any CPU
		{4738317F-DAAA-45B4-975B-CE70A719618E}.Release|Any CPU.Build.0 = Release|Any CPU
		{4D6919F2-5A54-40E6-8DD6-7D7E501134C0}.Debug|Any CPU.ActiveCfg = Release|Any CPU
		{4D6919F2-5A54-40E6-8DD6-7D7E501134C0}.Debug|Any CPU.Build.0 = Release|Any CPU
		{4D6919F2-5A54-40E6-8DD6-7D7E501134C0}.Release|Any CPU.ActiveCfg = Release|Any CPU
		{4D6919F2-5A54-40E6-8DD6-7D7E501134C0}.Release|Any CPU.Build.0 = Release|Any CPU
		{E62C4C2C-D4BB-4A14-8FA9-AD5551091E27}.Debug|Any CPU.ActiveCfg = Release|Any CPU
		{E62C4C2C-D4BB-4A14-8FA9-AD5551091E27}.Debug|Any CPU.Build.0 = Release|Any CPU
		{E62C4C2C-D4BB-4A14-8FA9-AD5551091E27}.Release|Any CPU.ActiveCfg = Release|Any CPU
		{E62C4C2C-D4BB-4A14-8FA9-AD5551091E27}.Release|Any CPU.Build.0 = Release|Any CPU
		{EA6D6FAE-0FFD-45B5-94D6-0EED9EB9B5BC}.Debug|Any CPU.ActiveCfg = Release|Any CPU
		{EA6D6FAE-0FFD-45B5-94D6-0EED9EB9B5BC}.Debug|Any CPU.Build.0 = Release|Any CPU
		{EA6D6FAE-0FFD-45B5-94D6-0EED9EB9B5BC}.Release|Any CPU.ActiveCfg = Release|Any CPU
		{EA6D6FAE-0FFD-45B5-94D6-0EED9EB9B5BC}.Release|Any CPU.Build.0 = Release|Any CPU
		{8915B3A9-F138-4394-BD73-87AE07D20399}.Debug|Any CPU.ActiveCfg = Release|Any CPU
		{8915B3A9-F138-4394-BD73-87AE07D20399}.Debug|Any CPU.Build.0 = Release|Any CPU
		{8915B3A9-F138-4394-BD73-87AE07D20399}.Release|Any CPU.ActiveCfg = Release|Any CPU
		{8915B3A9-F138-4394-BD73-87AE07D20399}.Release|Any CPU.Build.0 = Release|Any CPU
		{0E2F77B2-E40E-49C7-B49D-77B53DF34A44}.Debug|Any CPU.ActiveCfg = Release|Any CPU
		{0E2F77B2-E40E-49C7-B49D-77B53DF34A44}.Debug|Any CPU.Build.0 = Release|Any CPU
		{0E2F77B2-E40E-49C7-B49D-77B53DF34A44}.Release|Any CPU.ActiveCfg = Release|Any CPU
		{0E2F77B2-E40E-49C7-B49D-77B53DF34A44}.Release|Any CPU.Build.0 = Release|Any CPU
		{E64CB037-99A3-4DAD-A94D-B50AB6437C61}.Debug|Any CPU.ActiveCfg = Release|Any CPU
		{E64CB037-99A3-4DAD-A94D-B50AB6437C61}.Debug|Any CPU.Build.0 = Release|Any CPU
		{E64CB037-99A3-4DAD-A94D-B50AB6437C61}.Release|Any CPU.ActiveCfg = Release|Any CPU
		{E64CB037-99A3-4DAD-A94D-B50AB6437C61}.Release|Any CPU.Build.0 = Release|Any CPU
		{54E12EB3-341D-4FCE-8A4A-E9DC399CC8E6}.Debug|Any CPU.ActiveCfg = Release|Any CPU
		{54E12EB3-341D-4FCE-8A4A-E9DC399CC8E6}.Debug|Any CPU.Build.0 = Release|Any CPU
		{54E12EB3-341D-4FCE-8A4A-E9DC399CC8E6}.Release|Any CPU.ActiveCfg = Release|Any CPU
		{54E12EB3-341D-4FCE-8A4A-E9DC399CC8E6}.Release|Any CPU.Build.0 = Release|Any CPU
		{A613FBAC-B3D3-4DF5-8450-231A75C93E99}.Debug|Any CPU.ActiveCfg = Release|Any CPU
		{A613FBAC-B3D3-4DF5-8450-231A75C93E99}.Debug|Any CPU.Build.0 = Release|Any CPU
		{A613FBAC-B3D3-4DF5-8450-231A75C93E99}.Release|Any CPU.ActiveCfg = Release|Any CPU
		{A613FBAC-B3D3-4DF5-8450-231A75C93E99}.Release|Any CPU.Build.0 = Release|Any CPU
		{EEFB2851-4C37-4AB8-A55B-F6A8F830C2B2}.Debug|Any CPU.ActiveCfg = Release|Any CPU
		{EEFB2851-4C37-4AB8-A55B-F6A8F830C2B2}.Debug|Any CPU.Build.0 = Release|Any CPU
		{EEFB2851-4C37-4AB8-A55B-F6A8F830C2B2}.Release|Any CPU.ActiveCfg = Release|Any CPU
		{EEFB2851-4C37-4AB8-A55B-F6A8F830C2B2}.Release|Any CPU.Build.0 = Release|Any CPU
		{BBCF37ED-6F53-498E-B58E-ABC19F77B378}.Debug|Any CPU.ActiveCfg = Release|Any CPU
		{BBCF37ED-6F53-498E-B58E-ABC19F77B378}.Debug|Any CPU.Build.0 = Release|Any CPU
		{BBCF37ED-6F53-498E-B58E-ABC19F77B378}.Release|Any CPU.ActiveCfg = Release|Any CPU
		{BBCF37ED-6F53-498E-B58E-ABC19F77B378}.Release|Any CPU.Build.0 = Release|Any CPU
		{D33973C8-7BFE-4559-BA0E-029C31F34FB1}.Debug|Any CPU.ActiveCfg = Release|Any CPU
		{D33973C8-7BFE-4559-BA0E-029C31F34FB1}.Debug|Any CPU.Build.0 = Release|Any CPU
		{D33973C8-7BFE-4559-BA0E-029C31F34FB1}.Release|Any CPU.ActiveCfg = Release|Any CPU
		{D33973C8-7BFE-4559-BA0E-029C31F34FB1}.Release|Any CPU.Build.0 = Release|Any CPU
		{2481A200-5DAA-4EC2-9133-D110AD0DE78F}.Debug|Any CPU.ActiveCfg = Release|Any CPU
		{2481A200-5DAA-4EC2-9133-D110AD0DE78F}.Debug|Any CPU.Build.0 = Release|Any CPU
		{2481A200-5DAA-4EC2-9133-D110AD0DE78F}.Release|Any CPU.ActiveCfg = Release|Any CPU
		{2481A200-5DAA-4EC2-9133-D110AD0DE78F}.Release|Any CPU.Build.0 = Release|Any CPU
		{7B2A2170-97EF-46A6-AF13-D0DBA0060709}.Debug|Any CPU.ActiveCfg = Release|Any CPU
		{7B2A2170-97EF-46A6-AF13-D0DBA0060709}.Debug|Any CPU.Build.0 = Release|Any CPU
		{7B2A2170-97EF-46A6-AF13-D0DBA0060709}.Release|Any CPU.ActiveCfg = Release|Any CPU
		{7B2A2170-97EF-46A6-AF13-D0DBA0060709}.Release|Any CPU.Build.0 = Release|Any CPU
		{1A748BFF-57E1-4E48-96A2-4D1DE502AAD8}.Debug|Any CPU.ActiveCfg = Release|Any CPU
		{1A748BFF-57E1-4E48-96A2-4D1DE502AAD8}.Debug|Any CPU.Build.0 = Release|Any CPU
		{1A748BFF-57E1-4E48-96A2-4D1DE502AAD8}.Release|Any CPU.ActiveCfg = Release|Any CPU
		{1A748BFF-57E1-4E48-96A2-4D1DE502AAD8}.Release|Any CPU.Build.0 = Release|Any CPU
		{73DB42DC-38E5-4C99-8B87-6D6CE18E1E22}.Debug|Any CPU.ActiveCfg = Release|Any CPU
		{73DB42DC-38E5-4C99-8B87-6D6CE18E1E22}.Debug|Any CPU.Build.0 = Release|Any CPU
		{73DB42DC-38E5-4C99-8B87-6D6CE18E1E22}.Release|Any CPU.ActiveCfg = Release|Any CPU
		{73DB42DC-38E5-4C99-8B87-6D6CE18E1E22}.Release|Any CPU.Build.0 = Release|Any CPU
		{345D9D04-1D19-43B8-BEC9-2EBDE25C3E5B}.Debug|Any CPU.ActiveCfg = Release|Any CPU
		{345D9D04-1D19-43B8-BEC9-2EBDE25C3E5B}.Debug|Any CPU.Build.0 = Release|Any CPU
		{345D9D04-1D19-43B8-BEC9-2EBDE25C3E5B}.Release|Any CPU.ActiveCfg = Release|Any CPU
		{345D9D04-1D19-43B8-BEC9-2EBDE25C3E5B}.Release|Any CPU.Build.0 = Release|Any CPU
		{ADA0E719-984D-4875-8029-F847E69E9C08}.Debug|Any CPU.ActiveCfg = Release|Any CPU
		{ADA0E719-984D-4875-8029-F847E69E9C08}.Debug|Any CPU.Build.0 = Release|Any CPU
		{ADA0E719-984D-4875-8029-F847E69E9C08}.Release|Any CPU.ActiveCfg = Release|Any CPU
		{ADA0E719-984D-4875-8029-F847E69E9C08}.Release|Any CPU.Build.0 = Release|Any CPU
		{4BD6AAFF-4B3E-40FE-B1F2-D6C004FB79A4}.Debug|Any CPU.ActiveCfg = Debug|Any CPU
		{4BD6AAFF-4B3E-40FE-B1F2-D6C004FB79A4}.Debug|Any CPU.Build.0 = Debug|Any CPU
		{4BD6AAFF-4B3E-40FE-B1F2-D6C004FB79A4}.Release|Any CPU.ActiveCfg = Release|Any CPU
		{4BD6AAFF-4B3E-40FE-B1F2-D6C004FB79A4}.Release|Any CPU.Build.0 = Release|Any CPU
		{B801690C-7FC8-4EFC-A961-5D713D3C9316}.Debug|Any CPU.ActiveCfg = Debug|Any CPU
		{B801690C-7FC8-4EFC-A961-5D713D3C9316}.Debug|Any CPU.Build.0 = Debug|Any CPU
		{B801690C-7FC8-4EFC-A961-5D713D3C9316}.Release|Any CPU.ActiveCfg = Release|Any CPU
		{B801690C-7FC8-4EFC-A961-5D713D3C9316}.Release|Any CPU.Build.0 = Release|Any CPU
		{B6EA402D-EF07-4F9F-9188-0740CE100334}.Debug|Any CPU.ActiveCfg = Debug|Any CPU
		{B6EA402D-EF07-4F9F-9188-0740CE100334}.Debug|Any CPU.Build.0 = Debug|Any CPU
		{B6EA402D-EF07-4F9F-9188-0740CE100334}.Release|Any CPU.ActiveCfg = Release|Any CPU
		{B6EA402D-EF07-4F9F-9188-0740CE100334}.Release|Any CPU.Build.0 = Release|Any CPU
		{F387CD06-60FB-4596-84EE-F722E3510284}.Debug|Any CPU.ActiveCfg = Debug|Any CPU
		{F387CD06-60FB-4596-84EE-F722E3510284}.Debug|Any CPU.Build.0 = Debug|Any CPU
		{F387CD06-60FB-4596-84EE-F722E3510284}.Release|Any CPU.ActiveCfg = Release|Any CPU
		{F387CD06-60FB-4596-84EE-F722E3510284}.Release|Any CPU.Build.0 = Release|Any CPU
		{3A8BCEF6-20DB-49B4-9E66-2689F00E0AD3}.Debug|Any CPU.ActiveCfg = Debug|Any CPU
		{3A8BCEF6-20DB-49B4-9E66-2689F00E0AD3}.Debug|Any CPU.Build.0 = Debug|Any CPU
		{3A8BCEF6-20DB-49B4-9E66-2689F00E0AD3}.Release|Any CPU.ActiveCfg = Release|Any CPU
		{3A8BCEF6-20DB-49B4-9E66-2689F00E0AD3}.Release|Any CPU.Build.0 = Release|Any CPU
		{AF618FE2-FD18-4BD6-8370-A93BB672D741}.Debug|Any CPU.ActiveCfg = Debug|Any CPU
		{AF618FE2-FD18-4BD6-8370-A93BB672D741}.Debug|Any CPU.Build.0 = Debug|Any CPU
		{AF618FE2-FD18-4BD6-8370-A93BB672D741}.Release|Any CPU.ActiveCfg = Release|Any CPU
		{AF618FE2-FD18-4BD6-8370-A93BB672D741}.Release|Any CPU.Build.0 = Release|Any CPU
		{25641353-AEA2-403D-993E-B0EDDC73D7A4}.Debug|Any CPU.ActiveCfg = Debug|Any CPU
		{25641353-AEA2-403D-993E-B0EDDC73D7A4}.Debug|Any CPU.Build.0 = Debug|Any CPU
		{25641353-AEA2-403D-993E-B0EDDC73D7A4}.Release|Any CPU.ActiveCfg = Release|Any CPU
		{25641353-AEA2-403D-993E-B0EDDC73D7A4}.Release|Any CPU.Build.0 = Release|Any CPU
		{B504B86B-B16D-464E-91A7-1C3A9B6E1869}.Debug|Any CPU.ActiveCfg = Debug|Any CPU
		{B504B86B-B16D-464E-91A7-1C3A9B6E1869}.Debug|Any CPU.Build.0 = Debug|Any CPU
		{B504B86B-B16D-464E-91A7-1C3A9B6E1869}.Release|Any CPU.ActiveCfg = Release|Any CPU
		{B504B86B-B16D-464E-91A7-1C3A9B6E1869}.Release|Any CPU.Build.0 = Release|Any CPU
		{5D7DF366-F594-48D4-AC23-0DD7FAE27916}.Debug|Any CPU.ActiveCfg = Debug|Any CPU
		{5D7DF366-F594-48D4-AC23-0DD7FAE27916}.Debug|Any CPU.Build.0 = Debug|Any CPU
		{5D7DF366-F594-48D4-AC23-0DD7FAE27916}.Release|Any CPU.ActiveCfg = Release|Any CPU
		{5D7DF366-F594-48D4-AC23-0DD7FAE27916}.Release|Any CPU.Build.0 = Release|Any CPU
		{4C5A830F-93B5-4E6C-83D0-C86EE3DD9E5C}.Debug|Any CPU.ActiveCfg = Debug|Any CPU
		{4C5A830F-93B5-4E6C-83D0-C86EE3DD9E5C}.Debug|Any CPU.Build.0 = Debug|Any CPU
		{4C5A830F-93B5-4E6C-83D0-C86EE3DD9E5C}.Release|Any CPU.ActiveCfg = Release|Any CPU
		{4C5A830F-93B5-4E6C-83D0-C86EE3DD9E5C}.Release|Any CPU.Build.0 = Release|Any CPU
		{FD860099-9E4F-4258-A167-7427ACBFB077}.Debug|Any CPU.ActiveCfg = Debug|Any CPU
		{FD860099-9E4F-4258-A167-7427ACBFB077}.Debug|Any CPU.Build.0 = Debug|Any CPU
		{FD860099-9E4F-4258-A167-7427ACBFB077}.Release|Any CPU.ActiveCfg = Release|Any CPU
		{FD860099-9E4F-4258-A167-7427ACBFB077}.Release|Any CPU.Build.0 = Release|Any CPU
		{12F7DCAB-C519-4C95-B8F1-EE2CAA24029E}.Debug|Any CPU.ActiveCfg = Debug|Any CPU
		{12F7DCAB-C519-4C95-B8F1-EE2CAA24029E}.Debug|Any CPU.Build.0 = Debug|Any CPU
		{12F7DCAB-C519-4C95-B8F1-EE2CAA24029E}.Release|Any CPU.ActiveCfg = Release|Any CPU
		{12F7DCAB-C519-4C95-B8F1-EE2CAA24029E}.Release|Any CPU.Build.0 = Release|Any CPU
		{839E7CCD-B214-4477-88C5-DE3215EF0441}.Debug|Any CPU.ActiveCfg = Debug|Any CPU
		{839E7CCD-B214-4477-88C5-DE3215EF0441}.Debug|Any CPU.Build.0 = Debug|Any CPU
		{839E7CCD-B214-4477-88C5-DE3215EF0441}.Release|Any CPU.ActiveCfg = Release|Any CPU
		{839E7CCD-B214-4477-88C5-DE3215EF0441}.Release|Any CPU.Build.0 = Release|Any CPU
		{62D938DA-BF6C-4922-B8AD-ED47D1C051F9}.Debug|Any CPU.ActiveCfg = Debug|Any CPU
		{62D938DA-BF6C-4922-B8AD-ED47D1C051F9}.Debug|Any CPU.Build.0 = Debug|Any CPU
		{62D938DA-BF6C-4922-B8AD-ED47D1C051F9}.Release|Any CPU.ActiveCfg = Release|Any CPU
		{62D938DA-BF6C-4922-B8AD-ED47D1C051F9}.Release|Any CPU.Build.0 = Release|Any CPU
		{22E2A040-270E-4A00-A792-8F94A83489E7}.Debug|Any CPU.ActiveCfg = Debug|Any CPU
		{22E2A040-270E-4A00-A792-8F94A83489E7}.Debug|Any CPU.Build.0 = Debug|Any CPU
		{22E2A040-270E-4A00-A792-8F94A83489E7}.Release|Any CPU.ActiveCfg = Release|Any CPU
		{22E2A040-270E-4A00-A792-8F94A83489E7}.Release|Any CPU.Build.0 = Release|Any CPU
		{1E7D6B0C-1740-410C-A2D7-19FE249CF24F}.Debug|Any CPU.ActiveCfg = Debug|Any CPU
		{1E7D6B0C-1740-410C-A2D7-19FE249CF24F}.Debug|Any CPU.Build.0 = Debug|Any CPU
		{1E7D6B0C-1740-410C-A2D7-19FE249CF24F}.Release|Any CPU.ActiveCfg = Release|Any CPU
		{1E7D6B0C-1740-410C-A2D7-19FE249CF24F}.Release|Any CPU.Build.0 = Release|Any CPU
		{BFCF65E4-3D6F-418C-921D-14484FCD20BD}.Debug|Any CPU.ActiveCfg = Debug|Any CPU
		{BFCF65E4-3D6F-418C-921D-14484FCD20BD}.Debug|Any CPU.Build.0 = Debug|Any CPU
		{BFCF65E4-3D6F-418C-921D-14484FCD20BD}.Release|Any CPU.ActiveCfg = Release|Any CPU
		{BFCF65E4-3D6F-418C-921D-14484FCD20BD}.Release|Any CPU.Build.0 = Release|Any CPU
		{3087EFD6-DB19-49EF-A1E8-8C83E99E3B96}.Debug|Any CPU.ActiveCfg = Debug|Any CPU
		{3087EFD6-DB19-49EF-A1E8-8C83E99E3B96}.Debug|Any CPU.Build.0 = Debug|Any CPU
		{3087EFD6-DB19-49EF-A1E8-8C83E99E3B96}.Release|Any CPU.ActiveCfg = Release|Any CPU
		{3087EFD6-DB19-49EF-A1E8-8C83E99E3B96}.Release|Any CPU.Build.0 = Release|Any CPU
		{6FCF1986-8FB6-4F88-9C53-8C202EDA8AB2}.Debug|Any CPU.ActiveCfg = Debug|Any CPU
		{6FCF1986-8FB6-4F88-9C53-8C202EDA8AB2}.Debug|Any CPU.Build.0 = Debug|Any CPU
		{6FCF1986-8FB6-4F88-9C53-8C202EDA8AB2}.Release|Any CPU.ActiveCfg = Release|Any CPU
		{6FCF1986-8FB6-4F88-9C53-8C202EDA8AB2}.Release|Any CPU.Build.0 = Release|Any CPU
		{4031B0BA-7E4B-44FC-A74F-A9794DE21887}.Debug|Any CPU.ActiveCfg = Debug|Any CPU
		{4031B0BA-7E4B-44FC-A74F-A9794DE21887}.Debug|Any CPU.Build.0 = Debug|Any CPU
		{4031B0BA-7E4B-44FC-A74F-A9794DE21887}.Release|Any CPU.ActiveCfg = Release|Any CPU
		{4031B0BA-7E4B-44FC-A74F-A9794DE21887}.Release|Any CPU.Build.0 = Release|Any CPU
		{ADFAF867-90FF-40DC-B6BE-54403518364B}.Debug|Any CPU.ActiveCfg = Debug|Any CPU
		{ADFAF867-90FF-40DC-B6BE-54403518364B}.Debug|Any CPU.Build.0 = Debug|Any CPU
		{ADFAF867-90FF-40DC-B6BE-54403518364B}.Release|Any CPU.ActiveCfg = Release|Any CPU
		{ADFAF867-90FF-40DC-B6BE-54403518364B}.Release|Any CPU.Build.0 = Release|Any CPU
		{4ADBE0E0-FFEA-46E8-9682-9AE940BF728D}.Debug|Any CPU.ActiveCfg = Debug|Any CPU
		{4ADBE0E0-FFEA-46E8-9682-9AE940BF728D}.Debug|Any CPU.Build.0 = Debug|Any CPU
		{4ADBE0E0-FFEA-46E8-9682-9AE940BF728D}.Release|Any CPU.ActiveCfg = Release|Any CPU
		{4ADBE0E0-FFEA-46E8-9682-9AE940BF728D}.Release|Any CPU.Build.0 = Release|Any CPU
		{64D4FC1C-BA24-4092-A9AD-0536F4DC6EED}.Debug|Any CPU.ActiveCfg = Debug|Any CPU
		{64D4FC1C-BA24-4092-A9AD-0536F4DC6EED}.Debug|Any CPU.Build.0 = Debug|Any CPU
		{64D4FC1C-BA24-4092-A9AD-0536F4DC6EED}.Release|Any CPU.ActiveCfg = Release|Any CPU
		{64D4FC1C-BA24-4092-A9AD-0536F4DC6EED}.Release|Any CPU.Build.0 = Release|Any CPU
		{BCE2703F-7AD1-4F90-B579-09D28ABB1950}.Debug|Any CPU.ActiveCfg = Debug|Any CPU
		{BCE2703F-7AD1-4F90-B579-09D28ABB1950}.Debug|Any CPU.Build.0 = Debug|Any CPU
		{BCE2703F-7AD1-4F90-B579-09D28ABB1950}.Release|Any CPU.ActiveCfg = Release|Any CPU
		{BCE2703F-7AD1-4F90-B579-09D28ABB1950}.Release|Any CPU.Build.0 = Release|Any CPU
		{DF16DECE-915E-4C9E-8AC7-90951E396204}.Debug|Any CPU.ActiveCfg = Debug|Any CPU
		{DF16DECE-915E-4C9E-8AC7-90951E396204}.Debug|Any CPU.Build.0 = Debug|Any CPU
		{DF16DECE-915E-4C9E-8AC7-90951E396204}.Release|Any CPU.ActiveCfg = Release|Any CPU
		{DF16DECE-915E-4C9E-8AC7-90951E396204}.Release|Any CPU.Build.0 = Release|Any CPU
		{663EDB2E-D511-44AC-81B4-8B64284A4DBB}.Debug|Any CPU.ActiveCfg = Debug|Any CPU
		{663EDB2E-D511-44AC-81B4-8B64284A4DBB}.Debug|Any CPU.Build.0 = Debug|Any CPU
		{663EDB2E-D511-44AC-81B4-8B64284A4DBB}.Release|Any CPU.ActiveCfg = Release|Any CPU
		{663EDB2E-D511-44AC-81B4-8B64284A4DBB}.Release|Any CPU.Build.0 = Release|Any CPU
		{4D90A83E-5506-4641-9EA8-0BB064CC381B}.Debug|Any CPU.ActiveCfg = Debug|Any CPU
		{4D90A83E-5506-4641-9EA8-0BB064CC381B}.Debug|Any CPU.Build.0 = Debug|Any CPU
		{4D90A83E-5506-4641-9EA8-0BB064CC381B}.Release|Any CPU.ActiveCfg = Release|Any CPU
		{4D90A83E-5506-4641-9EA8-0BB064CC381B}.Release|Any CPU.Build.0 = Release|Any CPU
		{E0FB189F-32F2-4BDF-97C2-201650609608}.Debug|Any CPU.ActiveCfg = Debug|Any CPU
		{E0FB189F-32F2-4BDF-97C2-201650609608}.Debug|Any CPU.Build.0 = Debug|Any CPU
		{E0FB189F-32F2-4BDF-97C2-201650609608}.Release|Any CPU.ActiveCfg = Release|Any CPU
		{E0FB189F-32F2-4BDF-97C2-201650609608}.Release|Any CPU.Build.0 = Release|Any CPU
		{37DB2135-5271-40ED-9327-EAC53CC49751}.Debug|Any CPU.ActiveCfg = Debug|Any CPU
		{37DB2135-5271-40ED-9327-EAC53CC49751}.Debug|Any CPU.Build.0 = Debug|Any CPU
		{37DB2135-5271-40ED-9327-EAC53CC49751}.Release|Any CPU.ActiveCfg = Release|Any CPU
		{37DB2135-5271-40ED-9327-EAC53CC49751}.Release|Any CPU.Build.0 = Release|Any CPU
		{29AA79EE-157F-481F-9B01-7C30C53236D0}.Debug|Any CPU.ActiveCfg = Debug|Any CPU
		{29AA79EE-157F-481F-9B01-7C30C53236D0}.Debug|Any CPU.Build.0 = Debug|Any CPU
		{29AA79EE-157F-481F-9B01-7C30C53236D0}.Release|Any CPU.ActiveCfg = Release|Any CPU
		{29AA79EE-157F-481F-9B01-7C30C53236D0}.Release|Any CPU.Build.0 = Release|Any CPU
		{29DC75AF-D49E-42C9-8C19-CE0E45F22BD0}.Debug|Any CPU.ActiveCfg = Debug|Any CPU
		{29DC75AF-D49E-42C9-8C19-CE0E45F22BD0}.Debug|Any CPU.Build.0 = Debug|Any CPU
		{29DC75AF-D49E-42C9-8C19-CE0E45F22BD0}.Release|Any CPU.ActiveCfg = Release|Any CPU
		{29DC75AF-D49E-42C9-8C19-CE0E45F22BD0}.Release|Any CPU.Build.0 = Release|Any CPU
		{F60056D6-874A-4D38-9F59-D9C742C9407A}.Debug|Any CPU.ActiveCfg = Debug|Any CPU
		{F60056D6-874A-4D38-9F59-D9C742C9407A}.Debug|Any CPU.Build.0 = Debug|Any CPU
		{F60056D6-874A-4D38-9F59-D9C742C9407A}.Release|Any CPU.ActiveCfg = Release|Any CPU
		{F60056D6-874A-4D38-9F59-D9C742C9407A}.Release|Any CPU.Build.0 = Release|Any CPU
	EndGlobalSection
	GlobalSection(SolutionProperties) = preSolution
		HideSolutionNode = FALSE
	EndGlobalSection
	GlobalSection(NestedProjects) = preSolution
		{066F7552-B25D-4AC3-A8CF-8E63DDB51001} = {F4516C3B-2862-4317-951D-06A77C107316}
		{8A26F6D5-8917-41CE-8088-611D7AA36744} = {F4516C3B-2862-4317-951D-06A77C107316}
		{581F7D38-06CB-42EB-8A8B-CCD0F3E5BCE6} = {F4516C3B-2862-4317-951D-06A77C107316}
		{4738317F-DAAA-45B4-975B-CE70A719618E} = {E09F46E7-96FF-44A4-BD60-8F9986FA8B55}
		{4D6919F2-5A54-40E6-8DD6-7D7E501134C0} = {E09F46E7-96FF-44A4-BD60-8F9986FA8B55}
		{EA6D6FAE-0FFD-45B5-94D6-0EED9EB9B5BC} = {4C8AFA56-E57F-4D08-A609-433562DE18B3}
		{0E2F77B2-E40E-49C7-B49D-77B53DF34A44} = {4C8AFA56-E57F-4D08-A609-433562DE18B3}
		{E09F46E7-96FF-44A4-BD60-8F9986FA8B55} = {F4516C3B-2862-4317-951D-06A77C107316}
		{E64CB037-99A3-4DAD-A94D-B50AB6437C61} = {F4516C3B-2862-4317-951D-06A77C107316}
		{54E12EB3-341D-4FCE-8A4A-E9DC399CC8E6} = {4C8AFA56-E57F-4D08-A609-433562DE18B3}
		{A613FBAC-B3D3-4DF5-8450-231A75C93E99} = {4C8AFA56-E57F-4D08-A609-433562DE18B3}
		{EEFB2851-4C37-4AB8-A55B-F6A8F830C2B2} = {687C659F-E351-4279-8B5F-8C5EE58339A2}
		{BBCF37ED-6F53-498E-B58E-ABC19F77B378} = {687C659F-E351-4279-8B5F-8C5EE58339A2}
		{D33973C8-7BFE-4559-BA0E-029C31F34FB1} = {687C659F-E351-4279-8B5F-8C5EE58339A2}
		{2481A200-5DAA-4EC2-9133-D110AD0DE78F} = {687C659F-E351-4279-8B5F-8C5EE58339A2}
		{7B2A2170-97EF-46A6-AF13-D0DBA0060709} = {687C659F-E351-4279-8B5F-8C5EE58339A2}
		{1A748BFF-57E1-4E48-96A2-4D1DE502AAD8} = {4C8AFA56-E57F-4D08-A609-433562DE18B3}
		{73DB42DC-38E5-4C99-8B87-6D6CE18E1E22} = {687C659F-E351-4279-8B5F-8C5EE58339A2}
		{345D9D04-1D19-43B8-BEC9-2EBDE25C3E5B} = {687C659F-E351-4279-8B5F-8C5EE58339A2}
		{ADA0E719-984D-4875-8029-F847E69E9C08} = {687C659F-E351-4279-8B5F-8C5EE58339A2}
		{4BD6AAFF-4B3E-40FE-B1F2-D6C004FB79A4} = {687C659F-E351-4279-8B5F-8C5EE58339A2}
		{B6EA402D-EF07-4F9F-9188-0740CE100334} = {F4516C3B-2862-4317-951D-06A77C107316}
		{F387CD06-60FB-4596-84EE-F722E3510284} = {687C659F-E351-4279-8B5F-8C5EE58339A2}
		{3A8BCEF6-20DB-49B4-9E66-2689F00E0AD3} = {687C659F-E351-4279-8B5F-8C5EE58339A2}
		{AF618FE2-FD18-4BD6-8370-A93BB672D741} = {4C8AFA56-E57F-4D08-A609-433562DE18B3}
		{B504B86B-B16D-464E-91A7-1C3A9B6E1869} = {4C8AFA56-E57F-4D08-A609-433562DE18B3}
		{5D7DF366-F594-48D4-AC23-0DD7FAE27916} = {4C8AFA56-E57F-4D08-A609-433562DE18B3}
		{4C8AFA56-E57F-4D08-A609-433562DE18B3} = {E60F8654-74DB-4A20-8BF4-E6414EB1C3D2}
		{687C659F-E351-4279-8B5F-8C5EE58339A2} = {E60F8654-74DB-4A20-8BF4-E6414EB1C3D2}
		{0E062425-B16F-47D8-AAE9-F92976591B96} = {E60F8654-74DB-4A20-8BF4-E6414EB1C3D2}
		{4C5A830F-93B5-4E6C-83D0-C86EE3DD9E5C} = {0E062425-B16F-47D8-AAE9-F92976591B96}
		{FD860099-9E4F-4258-A167-7427ACBFB077} = {0E062425-B16F-47D8-AAE9-F92976591B96}
		{12F7DCAB-C519-4C95-B8F1-EE2CAA24029E} = {0E062425-B16F-47D8-AAE9-F92976591B96}
		{839E7CCD-B214-4477-88C5-DE3215EF0441} = {0E062425-B16F-47D8-AAE9-F92976591B96}
		{62D938DA-BF6C-4922-B8AD-ED47D1C051F9} = {0E062425-B16F-47D8-AAE9-F92976591B96}
		{22E2A040-270E-4A00-A792-8F94A83489E7} = {0E062425-B16F-47D8-AAE9-F92976591B96}
		{1E7D6B0C-1740-410C-A2D7-19FE249CF24F} = {0E062425-B16F-47D8-AAE9-F92976591B96}
		{BFCF65E4-3D6F-418C-921D-14484FCD20BD} = {0E062425-B16F-47D8-AAE9-F92976591B96}
		{3087EFD6-DB19-49EF-A1E8-8C83E99E3B96} = {A7DD4334-BFFC-4A8C-8E61-863DA3A22BCD}
		{6FCF1986-8FB6-4F88-9C53-8C202EDA8AB2} = {A7DD4334-BFFC-4A8C-8E61-863DA3A22BCD}
		{4031B0BA-7E4B-44FC-A74F-A9794DE21887} = {0E062425-B16F-47D8-AAE9-F92976591B96}
		{ADFAF867-90FF-40DC-B6BE-54403518364B} = {F4516C3B-2862-4317-951D-06A77C107316}
		{4ADBE0E0-FFEA-46E8-9682-9AE940BF728D} = {687C659F-E351-4279-8B5F-8C5EE58339A2}
		{5B8A8EF2-84A6-48F1-8B96-7899019E2848} = {E60F8654-74DB-4A20-8BF4-E6414EB1C3D2}
		{64D4FC1C-BA24-4092-A9AD-0536F4DC6EED} = {5B8A8EF2-84A6-48F1-8B96-7899019E2848}
		{BCE2703F-7AD1-4F90-B579-09D28ABB1950} = {687C659F-E351-4279-8B5F-8C5EE58339A2}
		{DF16DECE-915E-4C9E-8AC7-90951E396204} = {5B8A8EF2-84A6-48F1-8B96-7899019E2848}
		{663EDB2E-D511-44AC-81B4-8B64284A4DBB} = {687C659F-E351-4279-8B5F-8C5EE58339A2}
		{4D90A83E-5506-4641-9EA8-0BB064CC381B} = {687C659F-E351-4279-8B5F-8C5EE58339A2}
		{E0FB189F-32F2-4BDF-97C2-201650609608} = {687C659F-E351-4279-8B5F-8C5EE58339A2}
		{37DB2135-5271-40ED-9327-EAC53CC49751} = {687C659F-E351-4279-8B5F-8C5EE58339A2}
		{29AA79EE-157F-481F-9B01-7C30C53236D0} = {687C659F-E351-4279-8B5F-8C5EE58339A2}
		{29DC75AF-D49E-42C9-8C19-CE0E45F22BD0} = {687C659F-E351-4279-8B5F-8C5EE58339A2}
		{F60056D6-874A-4D38-9F59-D9C742C9407A} = {687C659F-E351-4279-8B5F-8C5EE58339A2}
	EndGlobalSection
	GlobalSection(ExtensibilityGlobals) = postSolution
		VisualSVNWorkingCopyRoot = .
	EndGlobalSection
EndGlobal
